
Microsoft Visual Studio Solution File, Format Version 12.00
# Visual Studio Version 16
VisualStudioVersion = 16.0.29006.145
MinimumVisualStudioVersion = 10.0.40219.1
Project("{9A19103F-16F7-4668-BE54-9A1E7A4F7556}") = "Composite", "Composite\Composite.csproj", "{CF383860-BCEB-47E2-8FFA-A5B96251E1B8}"
EndProject
Project("{9A19103F-16F7-4668-BE54-9A1E7A4F7556}") = "Decorador", "Decorador\Decorador.csproj", "{9677A68D-3FCD-4ACB-8133-270FC74A9E52}"
EndProject
Project("{FAE04EC0-301F-11D3-BF4B-00C04F79EFBC}") = "Proxy", "Proxy\Proxy.csproj", "{12CBFF63-C1EE-45B4-A865-169BFD9DF919}"
EndProject
Global
	GlobalSection(SolutionConfigurationPlatforms) = preSolution
		Debug|Any CPU = Debug|Any CPU
		Release|Any CPU = Release|Any CPU
	EndGlobalSection
	GlobalSection(ProjectConfigurationPlatforms) = postSolution
		{CF383860-BCEB-47E2-8FFA-A5B96251E1B8}.Debug|Any CPU.ActiveCfg = Debug|Any CPU
		{CF383860-BCEB-47E2-8FFA-A5B96251E1B8}.Debug|Any CPU.Build.0 = Debug|Any CPU
		{CF383860-BCEB-47E2-8FFA-A5B96251E1B8}.Release|Any CPU.ActiveCfg = Release|Any CPU
		{CF383860-BCEB-47E2-8FFA-A5B96251E1B8}.Release|Any CPU.Build.0 = Release|Any CPU
		{9677A68D-3FCD-4ACB-8133-270FC74A9E52}.Debug|Any CPU.ActiveCfg = Debug|Any CPU
		{9677A68D-3FCD-4ACB-8133-270FC74A9E52}.Debug|Any CPU.Build.0 = Debug|Any CPU
		{9677A68D-3FCD-4ACB-8133-270FC74A9E52}.Release|Any CPU.ActiveCfg = Release|Any CPU
		{9677A68D-3FCD-4ACB-8133-270FC74A9E52}.Release|Any CPU.Build.0 = Release|Any CPU
		{12CBFF63-C1EE-45B4-A865-169BFD9DF919}.Debug|Any CPU.ActiveCfg = Debug|Any CPU
		{12CBFF63-C1EE-45B4-A865-169BFD9DF919}.Debug|Any CPU.Build.0 = Debug|Any CPU
		{12CBFF63-C1EE-45B4-A865-169BFD9DF919}.Release|Any CPU.ActiveCfg = Release|Any CPU
		{12CBFF63-C1EE-45B4-A865-169BFD9DF919}.Release|Any CPU.Build.0 = Release|Any CPU
	EndGlobalSection
	GlobalSection(SolutionProperties) = preSolution
		HideSolutionNode = FALSE
	EndGlobalSection
	GlobalSection(ExtensibilityGlobals) = postSolution
		SolutionGuid = {A172D9E3-72C3-45BA-8FF7-138BDC762021}
	EndGlobalSection
EndGlobal
